
Microsoft Visual Studio Solution File, Format Version 11.00
# Visual Studio 2010
Project("{FAE04EC0-301F-11D3-BF4B-00C04F79EFBC}") = "DryEraseWeb", "DryEraseWeb\DryEraseWeb.csproj", "{BAD9A632-7A50-4B40-A270-1CACFF8A9EE0}"
EndProject
Global
	GlobalSection(SolutionConfigurationPlatforms) = preSolution
		Debug|Any CPU = Debug|Any CPU
		Release|Any CPU = Release|Any CPU
	EndGlobalSection
	GlobalSection(ProjectConfigurationPlatforms) = postSolution
		{BAD9A632-7A50-4B40-A270-1CACFF8A9EE0}.Debug|Any CPU.ActiveCfg = Debug|Any CPU
		{BAD9A632-7A50-4B40-A270-1CACFF8A9EE0}.Debug|Any CPU.Build.0 = Debug|Any CPU
		{BAD9A632-7A50-4B40-A270-1CACFF8A9EE0}.Release|Any CPU.ActiveCfg = Release|Any CPU
		{BAD9A632-7A50-4B40-A270-1CACFF8A9EE0}.Release|Any CPU.Build.0 = Release|Any CPU
	EndGlobalSection
	GlobalSection(MonoDevelopProperties) = preSolution
		StartupItem = DryEraseWeb\DryEraseWeb.csproj
	EndGlobalSection
EndGlobal
